
Microsoft Visual Studio Solution File, Format Version 12.00
# Visual Studio Version 17
VisualStudioVersion = 17.11.35431.28
MinimumVisualStudioVersion = 10.0.40219.1
Project("{FAE04EC0-301F-11D3-BF4B-00C04F79EFBC}") = "LibManageSys", "LibManageSys\LibManageSys.csproj", "{1B943E20-B6C2-47AC-A5A3-964CED897DB4}"
EndProject
Global
	GlobalSection(SolutionConfigurationPlatforms) = preSolution
		Debug|Any CPU = Debug|Any CPU
		Release|Any CPU = Release|Any CPU
	EndGlobalSection
	GlobalSection(ProjectConfigurationPlatforms) = postSolution
		{1B943E20-B6C2-47AC-A5A3-964CED897DB4}.Debug|Any CPU.ActiveCfg = Debug|Any CPU
		{1B943E20-B6C2-47AC-A5A3-964CED897DB4}.Debug|Any CPU.Build.0 = Debug|Any CPU
		{1B943E20-B6C2-47AC-A5A3-964CED897DB4}.Release|Any CPU.ActiveCfg = Release|Any CPU
		{1B943E20-B6C2-47AC-A5A3-964CED897DB4}.Release|Any CPU.Build.0 = Release|Any CPU
	EndGlobalSection
	GlobalSection(SolutionProperties) = preSolution
		HideSolutionNode = FALSE
	EndGlobalSection
	GlobalSection(ExtensibilityGlobals) = postSolution
		SolutionGuid = {D29B7C64-3067-4968-80CD-3E2A48C304AE}
	EndGlobalSection
EndGlobal
